
Microsoft Visual Studio Solution File, Format Version 12.00
# Visual Studio 15
VisualStudioVersion = 15.0.28306.52
MinimumVisualStudioVersion = 10.0.40219.1
Project("{FAE04EC0-301F-11D3-BF4B-00C04F79EFBC}") = "NE4S", "NE4S\NE4S.csproj", "{5DCA51A9-CD2D-48C3-9BC6-F45E6110CD99}"
EndProject
Global
	GlobalSection(SolutionConfigurationPlatforms) = preSolution
		Debug|Any CPU = Debug|Any CPU
		Release|Any CPU = Release|Any CPU
	EndGlobalSection
	GlobalSection(ProjectConfigurationPlatforms) = postSolution
		{5DCA51A9-CD2D-48C3-9BC6-F45E6110CD99}.Debug|Any CPU.ActiveCfg = Debug|Any CPU
		{5DCA51A9-CD2D-48C3-9BC6-F45E6110CD99}.Debug|Any CPU.Build.0 = Debug|Any CPU
		{5DCA51A9-CD2D-48C3-9BC6-F45E6110CD99}.Release|Any CPU.ActiveCfg = Release|Any CPU
		{5DCA51A9-CD2D-48C3-9BC6-F45E6110CD99}.Release|Any CPU.Build.0 = Release|Any CPU
	EndGlobalSection
	GlobalSection(SolutionProperties) = preSolution
		HideSolutionNode = FALSE
	EndGlobalSection
	GlobalSection(ExtensibilityGlobals) = postSolution
		SolutionGuid = {235C1860-D11E-4DC5-BA97-8D42F682CB1F}
	EndGlobalSection
EndGlobal
